
Microsoft Visual Studio Solution File, Format Version 12.00
# Visual Studio Version 16
VisualStudioVersion = 16.0.30907.101
MinimumVisualStudioVersion = 10.0.40219.1
Project("{FAE04EC0-301F-11D3-BF4B-00C04F79EFBC}") = "DuckHunt", "DuckHunt\DuckHunt.csproj", "{148E30C6-37D5-4FFA-96FE-1A6D72DCA7AE}"
EndProject
Global
	GlobalSection(SolutionConfigurationPlatforms) = preSolution
		Debug|Any CPU = Debug|Any CPU
		Release|Any CPU = Release|Any CPU
	EndGlobalSection
	GlobalSection(ProjectConfigurationPlatforms) = postSolution
		{148E30C6-37D5-4FFA-96FE-1A6D72DCA7AE}.Debug|Any CPU.ActiveCfg = Debug|Any CPU
		{148E30C6-37D5-4FFA-96FE-1A6D72DCA7AE}.Debug|Any CPU.Build.0 = Debug|Any CPU
		{148E30C6-37D5-4FFA-96FE-1A6D72DCA7AE}.Release|Any CPU.ActiveCfg = Release|Any CPU
		{148E30C6-37D5-4FFA-96FE-1A6D72DCA7AE}.Release|Any CPU.Build.0 = Release|Any CPU
	EndGlobalSection
	GlobalSection(SolutionProperties) = preSolution
		HideSolutionNode = FALSE
	EndGlobalSection
	GlobalSection(ExtensibilityGlobals) = postSolution
		SolutionGuid = {EE653FA1-6D1E-46AC-AE78-09EEE3908677}
	EndGlobalSection
EndGlobal
